
Microsoft Visual Studio Solution File, Format Version 12.00
# Visual Studio Version 17
VisualStudioVersion = 17.1.32421.90
MinimumVisualStudioVersion = 10.0.40219.1
Project("{2150E333-8FDC-42A3-9474-1A3956D46DE8}") = "BuildingBlocks", "BuildingBlocks", "{5714FB82-EB71-4018-A105-43C316D4E74C}"
EndProject
Project("{2150E333-8FDC-42A3-9474-1A3956D46DE8}") = "Services", "Services", "{0DE283A7-9957-469F-9824-53FBF59E5058}"
EndProject
Project("{2150E333-8FDC-42A3-9474-1A3956D46DE8}") = "Web", "Web", "{7AB4A5C1-607C-493B-BF49-9E825997FF30}"
EndProject
Project("{2150E333-8FDC-42A3-9474-1A3956D46DE8}") = "src", "src", "{61C167FD-FDB2-44E8-9F86-A41AC6FFAFF4}"
EndProject
Project("{2150E333-8FDC-42A3-9474-1A3956D46DE8}") = "test", "test", "{FE139E03-F474-488D-8985-6522ADF6D405}"
EndProject
Project("{9A19103F-16F7-4668-BE54-9A1E7A4F7556}") = "CA.Common", "src\CA.Common\CA.Common.csproj", "{2DE87A6F-76B7-4BA1-8065-2218512B67B9}"
EndProject
Project("{2150E333-8FDC-42A3-9474-1A3956D46DE8}") = "Api", "Api", "{B6E1D1D9-A9CC-4BB3-B7B5-2D0249F786DF}"
EndProject
Project("{9A19103F-16F7-4668-BE54-9A1E7A4F7556}") = "CA.MediatR", "src\CA.MediatR\CA.MediatR.csproj", "{9D924BF6-7C01-4F06-9698-5000263B61A7}"
EndProject
Project("{9A19103F-16F7-4668-BE54-9A1E7A4F7556}") = "CA.Api.Infrastructure", "src\CA.Api.Infrastructure\CA.Api.Infrastructure.csproj", "{C95FF878-628C-41B6-A8DF-725B1A109179}"
EndProject
Project("{9A19103F-16F7-4668-BE54-9A1E7A4F7556}") = "CA.Api.Domain", "src\CA.Api.Domain\CA.Api.Domain.csproj", "{DB6E1B51-F0FB-4B02-8121-7CC638ED634B}"
EndProject
Project("{2150E333-8FDC-42A3-9474-1A3956D46DE8}") = "Identity", "Identity", "{E119AD8E-9D25-46E9-8E2E-F18F561CEAF5}"
EndProject
Project("{9A19103F-16F7-4668-BE54-9A1E7A4F7556}") = "CA.Identity", "src\CA.Identity\CA.Identity.csproj", "{A5C37487-323A-4AEF-B52D-B1BA1216DDE5}"
EndProject
Project("{9A19103F-16F7-4668-BE54-9A1E7A4F7556}") = "CA.BFF", "src\CA.BFF\CA.BFF.csproj", "{44825171-7FD5-4528-9F4A-8EA227DF31E3}"
EndProject
Project("{9A19103F-16F7-4668-BE54-9A1E7A4F7556}") = "CA.Api", "src\CA.Api\CA.Api.csproj", "{D0C3F55D-3A23-44A9-BE82-6FB82077C770}"
EndProject
Project("{9A19103F-16F7-4668-BE54-9A1E7A4F7556}") = "CA.Common.EF", "src\CA.Common.EF\CA.Common.EF.csproj", "{E818E5C4-750D-4CCA-9134-00469BB37107}"
EndProject
Project("{9A19103F-16F7-4668-BE54-9A1E7A4F7556}") = "CA.Api.Application", "src\CA.Api.Application\CA.Api.Application.csproj", "{00ADDBDC-1CA5-4902-BBC2-ABEB02834C21}"
EndProject
Project("{2150E333-8FDC-42A3-9474-1A3956D46DE8}") = "Authz", "Authz", "{87D2BC2E-4B99-4A4C-A9E6-E48793F930E3}"
EndProject
Project("{9A19103F-16F7-4668-BE54-9A1E7A4F7556}") = "CA.Authorization", "src\CA.Authorization\CA.Authorization.csproj", "{FAF410DD-8C9C-42A0-AF68-1A45AFCF779F}"
EndProject
Project("{2150E333-8FDC-42A3-9474-1A3956D46DE8}") = "UnitTests", "UnitTests", "{567BD833-3603-4BB9-9B5C-0C0CC957AD31}"
EndProject
Project("{2150E333-8FDC-42A3-9474-1A3956D46DE8}") = "IntegrationTests", "IntegrationTests", "{1D5ECB4B-FD71-4B5C-8114-08B16EB91098}"
EndProject
Project("{9A19103F-16F7-4668-BE54-9A1E7A4F7556}") = "CA.Api.UnitTests", "test\CA.Api.UnitTests\CA.Api.UnitTests.csproj", "{067029F1-A638-4068-9962-BD13D0A171A3}"
EndProject
Project("{FAE04EC0-301F-11D3-BF4B-00C04F79EFBC}") = "CA.Api.IntegrationTets", "test\CA.Api.IntegrationTets\CA.Api.IntegrationTets.csproj", "{2B0140F9-16FB-4B4E-9B24-86CCD443B571}"
EndProject
Global
	GlobalSection(SolutionConfigurationPlatforms) = preSolution
		Debug|Any CPU = Debug|Any CPU
		Release|Any CPU = Release|Any CPU
	EndGlobalSection
	GlobalSection(ProjectConfigurationPlatforms) = postSolution
		{2DE87A6F-76B7-4BA1-8065-2218512B67B9}.Debug|Any CPU.ActiveCfg = Debug|Any CPU
		{2DE87A6F-76B7-4BA1-8065-2218512B67B9}.Debug|Any CPU.Build.0 = Debug|Any CPU
		{2DE87A6F-76B7-4BA1-8065-2218512B67B9}.Release|Any CPU.ActiveCfg = Release|Any CPU
		{2DE87A6F-76B7-4BA1-8065-2218512B67B9}.Release|Any CPU.Build.0 = Release|Any CPU
		{9D924BF6-7C01-4F06-9698-5000263B61A7}.Debug|Any CPU.ActiveCfg = Debug|Any CPU
		{9D924BF6-7C01-4F06-9698-5000263B61A7}.Debug|Any CPU.Build.0 = Debug|Any CPU
		{9D924BF6-7C01-4F06-9698-5000263B61A7}.Release|Any CPU.ActiveCfg = Release|Any CPU
		{9D924BF6-7C01-4F06-9698-5000263B61A7}.Release|Any CPU.Build.0 = Release|Any CPU
		{C95FF878-628C-41B6-A8DF-725B1A109179}.Debug|Any CPU.ActiveCfg = Debug|Any CPU
		{C95FF878-628C-41B6-A8DF-725B1A109179}.Debug|Any CPU.Build.0 = Debug|Any CPU
		{C95FF878-628C-41B6-A8DF-725B1A109179}.Release|Any CPU.ActiveCfg = Release|Any CPU
		{C95FF878-628C-41B6-A8DF-725B1A109179}.Release|Any CPU.Build.0 = Release|Any CPU
		{DB6E1B51-F0FB-4B02-8121-7CC638ED634B}.Debug|Any CPU.ActiveCfg = Debug|Any CPU
		{DB6E1B51-F0FB-4B02-8121-7CC638ED634B}.Debug|Any CPU.Build.0 = Debug|Any CPU
		{DB6E1B51-F0FB-4B02-8121-7CC638ED634B}.Release|Any CPU.ActiveCfg = Release|Any CPU
		{DB6E1B51-F0FB-4B02-8121-7CC638ED634B}.Release|Any CPU.Build.0 = Release|Any CPU
		{A5C37487-323A-4AEF-B52D-B1BA1216DDE5}.Debug|Any CPU.ActiveCfg = Debug|Any CPU
		{A5C37487-323A-4AEF-B52D-B1BA1216DDE5}.Debug|Any CPU.Build.0 = Debug|Any CPU
		{A5C37487-323A-4AEF-B52D-B1BA1216DDE5}.Release|Any CPU.ActiveCfg = Release|Any CPU
		{A5C37487-323A-4AEF-B52D-B1BA1216DDE5}.Release|Any CPU.Build.0 = Release|Any CPU
		{44825171-7FD5-4528-9F4A-8EA227DF31E3}.Debug|Any CPU.ActiveCfg = Debug|Any CPU
		{44825171-7FD5-4528-9F4A-8EA227DF31E3}.Debug|Any CPU.Build.0 = Debug|Any CPU
		{44825171-7FD5-4528-9F4A-8EA227DF31E3}.Release|Any CPU.ActiveCfg = Release|Any CPU
		{44825171-7FD5-4528-9F4A-8EA227DF31E3}.Release|Any CPU.Build.0 = Release|Any CPU
		{D0C3F55D-3A23-44A9-BE82-6FB82077C770}.Debug|Any CPU.ActiveCfg = Debug|Any CPU
		{D0C3F55D-3A23-44A9-BE82-6FB82077C770}.Debug|Any CPU.Build.0 = Debug|Any CPU
		{D0C3F55D-3A23-44A9-BE82-6FB82077C770}.Release|Any CPU.ActiveCfg = Release|Any CPU
		{D0C3F55D-3A23-44A9-BE82-6FB82077C770}.Release|Any CPU.Build.0 = Release|Any CPU
		{E818E5C4-750D-4CCA-9134-00469BB37107}.Debug|Any CPU.ActiveCfg = Debug|Any CPU
		{E818E5C4-750D-4CCA-9134-00469BB37107}.Debug|Any CPU.Build.0 = Debug|Any CPU
		{E818E5C4-750D-4CCA-9134-00469BB37107}.Release|Any CPU.ActiveCfg = Release|Any CPU
		{E818E5C4-750D-4CCA-9134-00469BB37107}.Release|Any CPU.Build.0 = Release|Any CPU
		{00ADDBDC-1CA5-4902-BBC2-ABEB02834C21}.Debug|Any CPU.ActiveCfg = Debug|Any CPU
		{00ADDBDC-1CA5-4902-BBC2-ABEB02834C21}.Debug|Any CPU.Build.0 = Debug|Any CPU
		{00ADDBDC-1CA5-4902-BBC2-ABEB02834C21}.Release|Any CPU.ActiveCfg = Release|Any CPU
		{00ADDBDC-1CA5-4902-BBC2-ABEB02834C21}.Release|Any CPU.Build.0 = Release|Any CPU
		{FAF410DD-8C9C-42A0-AF68-1A45AFCF779F}.Debug|Any CPU.ActiveCfg = Debug|Any CPU
		{FAF410DD-8C9C-42A0-AF68-1A45AFCF779F}.Debug|Any CPU.Build.0 = Debug|Any CPU
		{FAF410DD-8C9C-42A0-AF68-1A45AFCF779F}.Release|Any CPU.ActiveCfg = Release|Any CPU
		{FAF410DD-8C9C-42A0-AF68-1A45AFCF779F}.Release|Any CPU.Build.0 = Release|Any CPU
		{067029F1-A638-4068-9962-BD13D0A171A3}.Debug|Any CPU.ActiveCfg = Debug|Any CPU
		{067029F1-A638-4068-9962-BD13D0A171A3}.Debug|Any CPU.Build.0 = Debug|Any CPU
		{067029F1-A638-4068-9962-BD13D0A171A3}.Release|Any CPU.ActiveCfg = Release|Any CPU
		{067029F1-A638-4068-9962-BD13D0A171A3}.Release|Any CPU.Build.0 = Release|Any CPU
		{2B0140F9-16FB-4B4E-9B24-86CCD443B571}.Debug|Any CPU.ActiveCfg = Debug|Any CPU
		{2B0140F9-16FB-4B4E-9B24-86CCD443B571}.Debug|Any CPU.Build.0 = Debug|Any CPU
		{2B0140F9-16FB-4B4E-9B24-86CCD443B571}.Release|Any CPU.ActiveCfg = Release|Any CPU
		{2B0140F9-16FB-4B4E-9B24-86CCD443B571}.Release|Any CPU.Build.0 = Release|Any CPU
	EndGlobalSection
	GlobalSection(SolutionProperties) = preSolution
		HideSolutionNode = FALSE
	EndGlobalSection
	GlobalSection(NestedProjects) = preSolution
		{5714FB82-EB71-4018-A105-43C316D4E74C} = {61C167FD-FDB2-44E8-9F86-A41AC6FFAFF4}
		{0DE283A7-9957-469F-9824-53FBF59E5058} = {61C167FD-FDB2-44E8-9F86-A41AC6FFAFF4}
		{7AB4A5C1-607C-493B-BF49-9E825997FF30} = {61C167FD-FDB2-44E8-9F86-A41AC6FFAFF4}
		{2DE87A6F-76B7-4BA1-8065-2218512B67B9} = {5714FB82-EB71-4018-A105-43C316D4E74C}
		{B6E1D1D9-A9CC-4BB3-B7B5-2D0249F786DF} = {0DE283A7-9957-469F-9824-53FBF59E5058}
		{9D924BF6-7C01-4F06-9698-5000263B61A7} = {5714FB82-EB71-4018-A105-43C316D4E74C}
		{C95FF878-628C-41B6-A8DF-725B1A109179} = {B6E1D1D9-A9CC-4BB3-B7B5-2D0249F786DF}
		{DB6E1B51-F0FB-4B02-8121-7CC638ED634B} = {B6E1D1D9-A9CC-4BB3-B7B5-2D0249F786DF}
		{E119AD8E-9D25-46E9-8E2E-F18F561CEAF5} = {0DE283A7-9957-469F-9824-53FBF59E5058}
		{A5C37487-323A-4AEF-B52D-B1BA1216DDE5} = {E119AD8E-9D25-46E9-8E2E-F18F561CEAF5}
		{44825171-7FD5-4528-9F4A-8EA227DF31E3} = {7AB4A5C1-607C-493B-BF49-9E825997FF30}
		{D0C3F55D-3A23-44A9-BE82-6FB82077C770} = {B6E1D1D9-A9CC-4BB3-B7B5-2D0249F786DF}
		{E818E5C4-750D-4CCA-9134-00469BB37107} = {5714FB82-EB71-4018-A105-43C316D4E74C}
		{00ADDBDC-1CA5-4902-BBC2-ABEB02834C21} = {B6E1D1D9-A9CC-4BB3-B7B5-2D0249F786DF}
		{87D2BC2E-4B99-4A4C-A9E6-E48793F930E3} = {0DE283A7-9957-469F-9824-53FBF59E5058}
		{FAF410DD-8C9C-42A0-AF68-1A45AFCF779F} = {87D2BC2E-4B99-4A4C-A9E6-E48793F930E3}
		{567BD833-3603-4BB9-9B5C-0C0CC957AD31} = {FE139E03-F474-488D-8985-6522ADF6D405}
		{1D5ECB4B-FD71-4B5C-8114-08B16EB91098} = {FE139E03-F474-488D-8985-6522ADF6D405}
		{067029F1-A638-4068-9962-BD13D0A171A3} = {567BD833-3603-4BB9-9B5C-0C0CC957AD31}
		{2B0140F9-16FB-4B4E-9B24-86CCD443B571} = {1D5ECB4B-FD71-4B5C-8114-08B16EB91098}
	EndGlobalSection
	GlobalSection(ExtensibilityGlobals) = postSolution
		SolutionGuid = {7F681EAC-5657-40B1-A631-BC50EF5787CA}
	EndGlobalSection
EndGlobal
