
Microsoft Visual Studio Solution File, Format Version 12.00
# Visual Studio Version 17
VisualStudioVersion = 17.1.32414.318
MinimumVisualStudioVersion = 10.0.40219.1
Project("{2150E333-8FDC-42A3-9474-1A3956D46DE8}") = "BuildingBlocks", "BuildingBlocks", "{5714FB82-EB71-4018-A105-43C316D4E74C}"
EndProject
Project("{2150E333-8FDC-42A3-9474-1A3956D46DE8}") = "Services", "Services", "{0DE283A7-9957-469F-9824-53FBF59E5058}"
EndProject
Project("{2150E333-8FDC-42A3-9474-1A3956D46DE8}") = "Web", "Web", "{7AB4A5C1-607C-493B-BF49-9E825997FF30}"
EndProject
Project("{2150E333-8FDC-42A3-9474-1A3956D46DE8}") = "ApiGateway", "ApiGateway", "{2102DB11-5A9F-415D-8D94-39582873B6AA}"
EndProject
Project("{2150E333-8FDC-42A3-9474-1A3956D46DE8}") = "src", "src", "{61C167FD-FDB2-44E8-9F86-A41AC6FFAFF4}"
EndProject
Project("{2150E333-8FDC-42A3-9474-1A3956D46DE8}") = "test", "test", "{FE139E03-F474-488D-8985-6522ADF6D405}"
EndProject
Project("{9A19103F-16F7-4668-BE54-9A1E7A4F7556}") = "CA.Common", "src\CA.Common\CA.Common.csproj", "{2DE87A6F-76B7-4BA1-8065-2218512B67B9}"
EndProject
Project("{9A19103F-16F7-4668-BE54-9A1E7A4F7556}") = "CA.Api", "src\CA.Api\CA.Api.csproj", "{03A62E39-87E1-46E3-A438-19B4C41D31BB}"
EndProject
Project("{2150E333-8FDC-42A3-9474-1A3956D46DE8}") = "api", "api", "{B6E1D1D9-A9CC-4BB3-B7B5-2D0249F786DF}"
EndProject
Project("{9A19103F-16F7-4668-BE54-9A1E7A4F7556}") = "CA.MediatR", "src\CA.MediatR\CA.MediatR.csproj", "{9D924BF6-7C01-4F06-9698-5000263B61A7}"
EndProject
Project("{FAE04EC0-301F-11D3-BF4B-00C04F79EFBC}") = "CA.Api.Infrastructure", "src\CA.Api.Infrastructure\CA.Api.Infrastructure.csproj", "{C95FF878-628C-41B6-A8DF-725B1A109179}"
EndProject
Project("{FAE04EC0-301F-11D3-BF4B-00C04F79EFBC}") = "CA.Api.Domain", "src\CA.Api.Domain\CA.Api.Domain.csproj", "{DB6E1B51-F0FB-4B02-8121-7CC638ED634B}"
EndProject
Project("{2150E333-8FDC-42A3-9474-1A3956D46DE8}") = "Identity", "Identity", "{E119AD8E-9D25-46E9-8E2E-F18F561CEAF5}"
EndProject
Project("{FAE04EC0-301F-11D3-BF4B-00C04F79EFBC}") = "CA.Identity", "src\CA.Identity\CA.Identity.csproj", "{A5C37487-323A-4AEF-B52D-B1BA1216DDE5}"
EndProject
Project("{FAE04EC0-301F-11D3-BF4B-00C04F79EFBC}") = "CA.WebAngular", "src\CA.WebAngular\CA.WebAngular.csproj", "{4D3D6F45-0D27-4EBE-A6A7-DEF6D23182CC}"
EndProject
Global
	GlobalSection(SolutionConfigurationPlatforms) = preSolution
		Debug|Any CPU = Debug|Any CPU
		Release|Any CPU = Release|Any CPU
	EndGlobalSection
	GlobalSection(ProjectConfigurationPlatforms) = postSolution
		{2DE87A6F-76B7-4BA1-8065-2218512B67B9}.Debug|Any CPU.ActiveCfg = Debug|Any CPU
		{2DE87A6F-76B7-4BA1-8065-2218512B67B9}.Debug|Any CPU.Build.0 = Debug|Any CPU
		{2DE87A6F-76B7-4BA1-8065-2218512B67B9}.Release|Any CPU.ActiveCfg = Release|Any CPU
		{2DE87A6F-76B7-4BA1-8065-2218512B67B9}.Release|Any CPU.Build.0 = Release|Any CPU
		{03A62E39-87E1-46E3-A438-19B4C41D31BB}.Debug|Any CPU.ActiveCfg = Debug|Any CPU
		{03A62E39-87E1-46E3-A438-19B4C41D31BB}.Debug|Any CPU.Build.0 = Debug|Any CPU
		{03A62E39-87E1-46E3-A438-19B4C41D31BB}.Release|Any CPU.ActiveCfg = Release|Any CPU
		{03A62E39-87E1-46E3-A438-19B4C41D31BB}.Release|Any CPU.Build.0 = Release|Any CPU
		{9D924BF6-7C01-4F06-9698-5000263B61A7}.Debug|Any CPU.ActiveCfg = Debug|Any CPU
		{9D924BF6-7C01-4F06-9698-5000263B61A7}.Debug|Any CPU.Build.0 = Debug|Any CPU
		{9D924BF6-7C01-4F06-9698-5000263B61A7}.Release|Any CPU.ActiveCfg = Release|Any CPU
		{9D924BF6-7C01-4F06-9698-5000263B61A7}.Release|Any CPU.Build.0 = Release|Any CPU
		{C95FF878-628C-41B6-A8DF-725B1A109179}.Debug|Any CPU.ActiveCfg = Debug|Any CPU
		{C95FF878-628C-41B6-A8DF-725B1A109179}.Debug|Any CPU.Build.0 = Debug|Any CPU
		{C95FF878-628C-41B6-A8DF-725B1A109179}.Release|Any CPU.ActiveCfg = Release|Any CPU
		{C95FF878-628C-41B6-A8DF-725B1A109179}.Release|Any CPU.Build.0 = Release|Any CPU
		{DB6E1B51-F0FB-4B02-8121-7CC638ED634B}.Debug|Any CPU.ActiveCfg = Debug|Any CPU
		{DB6E1B51-F0FB-4B02-8121-7CC638ED634B}.Debug|Any CPU.Build.0 = Debug|Any CPU
		{DB6E1B51-F0FB-4B02-8121-7CC638ED634B}.Release|Any CPU.ActiveCfg = Release|Any CPU
		{DB6E1B51-F0FB-4B02-8121-7CC638ED634B}.Release|Any CPU.Build.0 = Release|Any CPU
		{A5C37487-323A-4AEF-B52D-B1BA1216DDE5}.Debug|Any CPU.ActiveCfg = Debug|Any CPU
		{A5C37487-323A-4AEF-B52D-B1BA1216DDE5}.Debug|Any CPU.Build.0 = Debug|Any CPU
		{A5C37487-323A-4AEF-B52D-B1BA1216DDE5}.Release|Any CPU.ActiveCfg = Release|Any CPU
		{A5C37487-323A-4AEF-B52D-B1BA1216DDE5}.Release|Any CPU.Build.0 = Release|Any CPU
		{4D3D6F45-0D27-4EBE-A6A7-DEF6D23182CC}.Debug|Any CPU.ActiveCfg = Debug|Any CPU
		{4D3D6F45-0D27-4EBE-A6A7-DEF6D23182CC}.Debug|Any CPU.Build.0 = Debug|Any CPU
		{4D3D6F45-0D27-4EBE-A6A7-DEF6D23182CC}.Release|Any CPU.ActiveCfg = Release|Any CPU
		{4D3D6F45-0D27-4EBE-A6A7-DEF6D23182CC}.Release|Any CPU.Build.0 = Release|Any CPU
	EndGlobalSection
	GlobalSection(SolutionProperties) = preSolution
		HideSolutionNode = FALSE
	EndGlobalSection
	GlobalSection(NestedProjects) = preSolution
		{5714FB82-EB71-4018-A105-43C316D4E74C} = {61C167FD-FDB2-44E8-9F86-A41AC6FFAFF4}
		{0DE283A7-9957-469F-9824-53FBF59E5058} = {61C167FD-FDB2-44E8-9F86-A41AC6FFAFF4}
		{7AB4A5C1-607C-493B-BF49-9E825997FF30} = {61C167FD-FDB2-44E8-9F86-A41AC6FFAFF4}
		{2102DB11-5A9F-415D-8D94-39582873B6AA} = {61C167FD-FDB2-44E8-9F86-A41AC6FFAFF4}
		{2DE87A6F-76B7-4BA1-8065-2218512B67B9} = {5714FB82-EB71-4018-A105-43C316D4E74C}
		{03A62E39-87E1-46E3-A438-19B4C41D31BB} = {B6E1D1D9-A9CC-4BB3-B7B5-2D0249F786DF}
		{B6E1D1D9-A9CC-4BB3-B7B5-2D0249F786DF} = {0DE283A7-9957-469F-9824-53FBF59E5058}
		{9D924BF6-7C01-4F06-9698-5000263B61A7} = {5714FB82-EB71-4018-A105-43C316D4E74C}
		{C95FF878-628C-41B6-A8DF-725B1A109179} = {B6E1D1D9-A9CC-4BB3-B7B5-2D0249F786DF}
		{DB6E1B51-F0FB-4B02-8121-7CC638ED634B} = {B6E1D1D9-A9CC-4BB3-B7B5-2D0249F786DF}
		{E119AD8E-9D25-46E9-8E2E-F18F561CEAF5} = {0DE283A7-9957-469F-9824-53FBF59E5058}
		{A5C37487-323A-4AEF-B52D-B1BA1216DDE5} = {E119AD8E-9D25-46E9-8E2E-F18F561CEAF5}
		{4D3D6F45-0D27-4EBE-A6A7-DEF6D23182CC} = {7AB4A5C1-607C-493B-BF49-9E825997FF30}
	EndGlobalSection
	GlobalSection(ExtensibilityGlobals) = postSolution
		SolutionGuid = {7F681EAC-5657-40B1-A631-BC50EF5787CA}
	EndGlobalSection
EndGlobal
